{
  "name": "phase-4-deploying-app-demo",
  "lockfileVersion": 2,
  "requires": true,
  "packages": {
    "": {
      "name": "phase-4-deploying-app-demo",
      "dependencies": {
        "web-vitals": "^3.1.1"
      },
      "engines": {
        "node": "16.x"
      }
    },
    "node_modules/web-vitals": {
      "version": "3.1.1",
      "resolved": "https://registry.npmjs.org/web-vitals/-/web-vitals-3.1.1.tgz",
      "integrity": "sha512-qvllU+ZeQChqzBhZ1oyXmWsjJ8a2jHYpH8AMaVuf29yscOPZfTQTjQFRX6+eADTdsDE8IanOZ0cetweHMs8/2A=="
    }
  },
  "dependencies": {
    "web-vitals": {
      "version": "3.1.1",
      "resolved": "https://registry.npmjs.org/web-vitals/-/web-vitals-3.1.1.tgz",
      "integrity": "sha512-qvllU+ZeQChqzBhZ1oyXmWsjJ8a2jHYpH8AMaVuf29yscOPZfTQTjQFRX6+eADTdsDE8IanOZ0cetweHMs8/2A=="
    }
  }
}
